# This file is autogenerated, do not edit; changes may be undone by the next 'dep ensure'.


[[projects]]
  name = "github.com/JamesStewy/go-mysqldump"
  packages = ["."]
  revision = "e653992bbc95dad57f001779aef03e4408a5f008"
  version = "v0.2.2"

[[projects]]
  name = "github.com/aws/aws-lambda-go"
  packages = [
    "lambda",
    "lambda/messages",
    "lambdacontext"
  ]
  revision = "6e2e37798efbb1dfd8e9c6681702e683a6046517"
  version = "v1.0.1"

[[projects]]
  name = "github.com/go-sql-driver/mysql"
  packages = ["."]
  revision = "a0583e0143b1624142adab07e0e97fe106d99561"
  version = "v1.3"

[[projects]]
  name = "github.com/im7mortal/UTM"
  packages = ["."]
  revision = "495a4ab55a22d59f111437b822bed848775fc6ce"
  version = "v1.2.0"

[[projects]]
  name = "github.com/jonas-p/go-shp"
  packages = ["."]
  revision = "215a5781289c857f70b19c2740e65d81de343b50"
  version = "v0.1.1"

[solve-meta]
  analyzer-name = "dep"
  analyzer-version = 1
  inputs-digest = "76c7515cc43b44efe20f4216e066111f0fa567ab637162d0cfa514ce898d324e"
  solver-name = "gps-cdcl"
  solver-version = 1
