# This file is autogenerated, do not edit; changes may be undone by the next 'dep ensure'.


[[projects]]
  name = "github.com/aws/aws-lambda-go"
  packages = [
    "lambda",
    "lambda/messages",
    "lambdacontext"
  ]
  revision = "6e2e37798efbb1dfd8e9c6681702e683a6046517"
  version = "v1.0.1"

[[projects]]
  name = "github.com/im7mortal/UTM"
  packages = ["."]
  revision = "495a4ab55a22d59f111437b822bed848775fc6ce"
  version = "v1.2.0"

[[projects]]
  name = "github.com/jonas-p/go-shp"
  packages = ["."]
  revision = "215a5781289c857f70b19c2740e65d81de343b50"
  version = "v0.1.1"

[solve-meta]
  analyzer-name = "dep"
  analyzer-version = 1
  inputs-digest = "4706b86c3c191d0c71bf9f13e25b43164448868381c8c5137df391ee46b98fa6"
  solver-name = "gps-cdcl"
  solver-version = 1
